// !$*UTF8*$!
{
	archiveVersion = 1;
	classes = {
	};
	objectVersion = 50;
	objects = {

/* Begin PBXBuildFile section */
		3D35A782219340E600839CC5 /* MessageViewController.swift in Sources */ = {isa = PBXBuildFile; fileRef = 3D35A781219340E600839CC5 /* MessageViewController.swift */; };
		3D35A78A21934F2400839CC5 /* ChatConstant.swift in Sources */ = {isa = PBXBuildFile; fileRef = 3D35A78921934F2400839CC5 /* ChatConstant.swift */; };
		3D8B65AD2195B2E5005EB394 /* SearchUserViewController.swift in Sources */ = {isa = PBXBuildFile; fileRef = 3D8B65AC2195B2E5005EB394 /* SearchUserViewController.swift */; };
		3D8B65B02195BA15005EB394 /* SearchUserCell.swift in Sources */ = {isa = PBXBuildFile; fileRef = 3D8B65AF2195BA15005EB394 /* SearchUserCell.swift */; };
		3D8B65B52195D1B8005EB394 /* UserSearch.swift in Sources */ = {isa = PBXBuildFile; fileRef = 3D8B65B42195D1B8005EB394 /* UserSearch.swift */; };
		3D8B65B92198E95D005EB394 /* Assets.xcassets in Resources */ = {isa = PBXBuildFile; fileRef = 3D8B65B82198E95C005EB394 /* Assets.xcassets */; };
		3D9505422191D5B7004355F3 /* GoogleService-Info.plist in Resources */ = {isa = PBXBuildFile; fileRef = 3D9505412191D5B7004355F3 /* GoogleService-Info.plist */; };
		3D9505442191DD6F004355F3 /* ProfileViewController.swift in Sources */ = {isa = PBXBuildFile; fileRef = 3D9505432191DD6F004355F3 /* ProfileViewController.swift */; };
		3D9505472191E89F004355F3 /* UserConstant.swift in Sources */ = {isa = PBXBuildFile; fileRef = 3D9505462191E89F004355F3 /* UserConstant.swift */; };
		9A7C2709C6ED6EA2C3611C8F /* Pods_SMApplication.framework in Frameworks */ = {isa = PBXBuildFile; fileRef = A39D55CE5F9FF300731B8676 /* Pods_SMApplication.framework */; };
		A57CF1152192057D00946C72 /* Viewpager.storyboard in Resources */ = {isa = PBXBuildFile; fileRef = A57CF1142192057D00946C72 /* Viewpager.storyboard */; };
		A57CF11721920C5200946C72 /* PageViewController.swift in Sources */ = {isa = PBXBuildFile; fileRef = A57CF11621920C5200946C72 /* PageViewController.swift */; };
		A59889B92193622A003B2CE9 /* UserMenu.storyboard in Resources */ = {isa = PBXBuildFile; fileRef = A59889B82193622A003B2CE9 /* UserMenu.storyboard */; };
		A59889BD2193721F003B2CE9 /* SetupProfileViewController.swift in Sources */ = {isa = PBXBuildFile; fileRef = A59889BC2193721F003B2CE9 /* SetupProfileViewController.swift */; };
		A59D7B372190E921007C84C2 /* AppDelegate.swift in Sources */ = {isa = PBXBuildFile; fileRef = A59D7B362190E921007C84C2 /* AppDelegate.swift */; };
		A59D7B392190E921007C84C2 /* LoginViewController.swift in Sources */ = {isa = PBXBuildFile; fileRef = A59D7B382190E921007C84C2 /* LoginViewController.swift */; };
		A59D7B3C2190E921007C84C2 /* Main.storyboard in Resources */ = {isa = PBXBuildFile; fileRef = A59D7B3A2190E921007C84C2 /* Main.storyboard */; };
		A59D7B412190E922007C84C2 /* LaunchScreen.storyboard in Resources */ = {isa = PBXBuildFile; fileRef = A59D7B3F2190E922007C84C2 /* LaunchScreen.storyboard */; };
		A59D7B4C2190E922007C84C2 /* SMApplicationTests.swift in Sources */ = {isa = PBXBuildFile; fileRef = A59D7B4B2190E922007C84C2 /* SMApplicationTests.swift */; };
		A59D7B572190E922007C84C2 /* SMApplicationUITests.swift in Sources */ = {isa = PBXBuildFile; fileRef = A59D7B562190E922007C84C2 /* SMApplicationUITests.swift */; };
		A59D7B6D2190E9A1007C84C2 /* Loading.swift in Sources */ = {isa = PBXBuildFile; fileRef = A59D7B6C2190E9A1007C84C2 /* Loading.swift */; };
		A59D7B6F2190EB7A007C84C2 /* SignUpViewController.swift in Sources */ = {isa = PBXBuildFile; fileRef = A59D7B6E2190EB7A007C84C2 /* SignUpViewController.swift */; };
/* End PBXBuildFile section */

/* Begin PBXContainerItemProxy section */
		A59D7B482190E922007C84C2 /* PBXContainerItemProxy */ = {
			isa = PBXContainerItemProxy;
			containerPortal = A59D7B2B2190E920007C84C2 /* Project object */;
			proxyType = 1;
			remoteGlobalIDString = A59D7B322190E920007C84C2;
			remoteInfo = SMApplication;
		};
		A59D7B532190E922007C84C2 /* PBXContainerItemProxy */ = {
			isa = PBXContainerItemProxy;
			containerPortal = A59D7B2B2190E920007C84C2 /* Project object */;
			proxyType = 1;
			remoteGlobalIDString = A59D7B322190E920007C84C2;
			remoteInfo = SMApplication;
		};
/* End PBXContainerItemProxy section */

/* Begin PBXFileReference section */
		3D35A781219340E600839CC5 /* MessageViewController.swift */ = {isa = PBXFileReference; lastKnownFileType = sourcecode.swift; path = MessageViewController.swift; sourceTree = "<group>"; };
		3D35A7832193416700839CC5 /* MessengerKit.framework */ = {isa = PBXFileReference; explicitFileType = wrapper.framework; path = MessengerKit.framework; sourceTree = BUILT_PRODUCTS_DIR; };
		3D35A78921934F2400839CC5 /* ChatConstant.swift */ = {isa = PBXFileReference; lastKnownFileType = sourcecode.swift; path = ChatConstant.swift; sourceTree = "<group>"; };
		3D35A78B219356F000839CC5 /* Bridging-Header.h */ = {isa = PBXFileReference; lastKnownFileType = sourcecode.c.h; path = "Bridging-Header.h"; sourceTree = "<group>"; };
		3D8B65AC2195B2E5005EB394 /* SearchUserViewController.swift */ = {isa = PBXFileReference; lastKnownFileType = sourcecode.swift; path = SearchUserViewController.swift; sourceTree = "<group>"; };
		3D8B65AF2195BA15005EB394 /* SearchUserCell.swift */ = {isa = PBXFileReference; lastKnownFileType = sourcecode.swift; path = SearchUserCell.swift; sourceTree = "<group>"; };
		3D8B65B42195D1B8005EB394 /* UserSearch.swift */ = {isa = PBXFileReference; lastKnownFileType = sourcecode.swift; path = UserSearch.swift; sourceTree = "<group>"; };
		3D8B65B82198E95C005EB394 /* Assets.xcassets */ = {isa = PBXFileReference; lastKnownFileType = folder.assetcatalog; path = Assets.xcassets; sourceTree = "<group>"; };
		3D9505412191D5B7004355F3 /* GoogleService-Info.plist */ = {isa = PBXFileReference; fileEncoding = 4; lastKnownFileType = text.plist.xml; path = "GoogleService-Info.plist"; sourceTree = "<group>"; };
		3D9505432191DD6F004355F3 /* ProfileViewController.swift */ = {isa = PBXFileReference; lastKnownFileType = sourcecode.swift; path = ProfileViewController.swift; sourceTree = "<group>"; };
		3D9505462191E89F004355F3 /* UserConstant.swift */ = {isa = PBXFileReference; lastKnownFileType = sourcecode.swift; path = UserConstant.swift; sourceTree = "<group>"; };
		6228405CECE6A1D4423A166E /* Pods-SMApplication.debug.xcconfig */ = {isa = PBXFileReference; includeInIndex = 1; lastKnownFileType = text.xcconfig; name = "Pods-SMApplication.debug.xcconfig"; path = "Pods/Target Support Files/Pods-SMApplication/Pods-SMApplication.debug.xcconfig"; sourceTree = "<group>"; };
		A39D55CE5F9FF300731B8676 /* Pods_SMApplication.framework */ = {isa = PBXFileReference; explicitFileType = wrapper.framework; includeInIndex = 0; path = Pods_SMApplication.framework; sourceTree = BUILT_PRODUCTS_DIR; };
		A57CF1142192057D00946C72 /* Viewpager.storyboard */ = {isa = PBXFileReference; lastKnownFileType = file.storyboard; path = Viewpager.storyboard; sourceTree = "<group>"; };
		A57CF11621920C5200946C72 /* PageViewController.swift */ = {isa = PBXFileReference; lastKnownFileType = sourcecode.swift; path = PageViewController.swift; sourceTree = "<group>"; };
		A59889B82193622A003B2CE9 /* UserMenu.storyboard */ = {isa = PBXFileReference; lastKnownFileType = file.storyboard; path = UserMenu.storyboard; sourceTree = "<group>"; };
		A59889BC2193721F003B2CE9 /* SetupProfileViewController.swift */ = {isa = PBXFileReference; lastKnownFileType = sourcecode.swift; path = SetupProfileViewController.swift; sourceTree = "<group>"; };
		A59D7B332190E920007C84C2 /* SMApplication.app */ = {isa = PBXFileReference; explicitFileType = wrapper.application; includeInIndex = 0; path = SMApplication.app; sourceTree = BUILT_PRODUCTS_DIR; };
		A59D7B362190E921007C84C2 /* AppDelegate.swift */ = {isa = PBXFileReference; lastKnownFileType = sourcecode.swift; path = AppDelegate.swift; sourceTree = "<group>"; };
		A59D7B382190E921007C84C2 /* LoginViewController.swift */ = {isa = PBXFileReference; lastKnownFileType = sourcecode.swift; path = LoginViewController.swift; sourceTree = "<group>"; };
		A59D7B3B2190E921007C84C2 /* Base */ = {isa = PBXFileReference; lastKnownFileType = file.storyboard; name = Base; path = Base.lproj/Main.storyboard; sourceTree = "<group>"; };
		A59D7B402190E922007C84C2 /* Base */ = {isa = PBXFileReference; lastKnownFileType = file.storyboard; name = Base; path = Base.lproj/LaunchScreen.storyboard; sourceTree = "<group>"; };
		A59D7B422190E922007C84C2 /* Info.plist */ = {isa = PBXFileReference; lastKnownFileType = text.plist.xml; path = Info.plist; sourceTree = "<group>"; };
		A59D7B472190E922007C84C2 /* SMApplicationTests.xctest */ = {isa = PBXFileReference; explicitFileType = wrapper.cfbundle; includeInIndex = 0; path = SMApplicationTests.xctest; sourceTree = BUILT_PRODUCTS_DIR; };
		A59D7B4B2190E922007C84C2 /* SMApplicationTests.swift */ = {isa = PBXFileReference; lastKnownFileType = sourcecode.swift; path = SMApplicationTests.swift; sourceTree = "<group>"; };
		A59D7B4D2190E922007C84C2 /* Info.plist */ = {isa = PBXFileReference; lastKnownFileType = text.plist.xml; path = Info.plist; sourceTree = "<group>"; };
		A59D7B522190E922007C84C2 /* SMApplicationUITests.xctest */ = {isa = PBXFileReference; explicitFileType = wrapper.cfbundle; includeInIndex = 0; path = SMApplicationUITests.xctest; sourceTree = BUILT_PRODUCTS_DIR; };
		A59D7B562190E922007C84C2 /* SMApplicationUITests.swift */ = {isa = PBXFileReference; lastKnownFileType = sourcecode.swift; path = SMApplicationUITests.swift; sourceTree = "<group>"; };
		A59D7B582190E922007C84C2 /* Info.plist */ = {isa = PBXFileReference; lastKnownFileType = text.plist.xml; path = Info.plist; sourceTree = "<group>"; };
		A59D7B6C2190E9A1007C84C2 /* Loading.swift */ = {isa = PBXFileReference; lastKnownFileType = sourcecode.swift; path = Loading.swift; sourceTree = "<group>"; };
		A59D7B6E2190EB7A007C84C2 /* SignUpViewController.swift */ = {isa = PBXFileReference; lastKnownFileType = sourcecode.swift; path = SignUpViewController.swift; sourceTree = "<group>"; };
		DAFE35BA423FD9E5B41616AA /* Pods-SMApplication.release.xcconfig */ = {isa = PBXFileReference; includeInIndex = 1; lastKnownFileType = text.xcconfig; name = "Pods-SMApplication.release.xcconfig"; path = "Pods/Target Support Files/Pods-SMApplication/Pods-SMApplication.release.xcconfig"; sourceTree = "<group>"; };
/* End PBXFileReference section */

/* Begin PBXFrameworksBuildPhase section */
		A59D7B302190E920007C84C2 /* Frameworks */ = {
			isa = PBXFrameworksBuildPhase;
			buildActionMask = 2147483647;
			files = (
				9A7C2709C6ED6EA2C3611C8F /* Pods_SMApplication.framework in Frameworks */,
			);
			runOnlyForDeploymentPostprocessing = 0;
		};
		A59D7B442190E922007C84C2 /* Frameworks */ = {
			isa = PBXFrameworksBuildPhase;
			buildActionMask = 2147483647;
			files = (
			);
			runOnlyForDeploymentPostprocessing = 0;
		};
		A59D7B4F2190E922007C84C2 /* Frameworks */ = {
			isa = PBXFrameworksBuildPhase;
			buildActionMask = 2147483647;
			files = (
			);
			runOnlyForDeploymentPostprocessing = 0;
		};
/* End PBXFrameworksBuildPhase section */

/* Begin PBXGroup section */
		3D8B65AE2195BA06005EB394 /* Cell */ = {
			isa = PBXGroup;
			children = (
				3D8B65AF2195BA15005EB394 /* SearchUserCell.swift */,
			);
			path = Cell;
			sourceTree = "<group>";
		};
		3D9505452191E888004355F3 /* Model */ = {
			isa = PBXGroup;
			children = (
				3D9505462191E89F004355F3 /* UserConstant.swift */,
				3D35A78921934F2400839CC5 /* ChatConstant.swift */,
				3D8B65B42195D1B8005EB394 /* UserSearch.swift */,
			);
			path = Model;
			sourceTree = "<group>";
		};
		6DF6794B1C387DA44B34F249 /* Pods */ = {
			isa = PBXGroup;
			children = (
				6228405CECE6A1D4423A166E /* Pods-SMApplication.debug.xcconfig */,
				DAFE35BA423FD9E5B41616AA /* Pods-SMApplication.release.xcconfig */,
			);
			name = Pods;
			sourceTree = "<group>";
		};
		8E73BFADF09757FA6B93E16D /* Frameworks */ = {
			isa = PBXGroup;
			children = (
				3D35A7832193416700839CC5 /* MessengerKit.framework */,
				A39D55CE5F9FF300731B8676 /* Pods_SMApplication.framework */,
			);
			name = Frameworks;
			sourceTree = "<group>";
		};
		A57CF1132192053400946C72 /* Storyboard */ = {
			isa = PBXGroup;
			children = (
				A59D7B3A2190E921007C84C2 /* Main.storyboard */,
				A57CF1142192057D00946C72 /* Viewpager.storyboard */,
				A59889B82193622A003B2CE9 /* UserMenu.storyboard */,
			);
			path = Storyboard;
			sourceTree = "<group>";
		};
		A59D7B2A2190E920007C84C2 = {
			isa = PBXGroup;
			children = (
				3D35A78B219356F000839CC5 /* Bridging-Header.h */,
				A59D7B352190E920007C84C2 /* SMApplication */,
				A59D7B4A2190E922007C84C2 /* SMApplicationTests */,
				A59D7B552190E922007C84C2 /* SMApplicationUITests */,
				A59D7B342190E920007C84C2 /* Products */,
				6DF6794B1C387DA44B34F249 /* Pods */,
				8E73BFADF09757FA6B93E16D /* Frameworks */,
			);
			sourceTree = "<group>";
		};
		A59D7B342190E920007C84C2 /* Products */ = {
			isa = PBXGroup;
			children = (
				A59D7B332190E920007C84C2 /* SMApplication.app */,
				A59D7B472190E922007C84C2 /* SMApplicationTests.xctest */,
				A59D7B522190E922007C84C2 /* SMApplicationUITests.xctest */,
			);
			name = Products;
			sourceTree = "<group>";
		};
		A59D7B352190E920007C84C2 /* SMApplication */ = {
			isa = PBXGroup;
			children = (
				3D8B65B82198E95C005EB394 /* Assets.xcassets */,
				3D8B65AE2195BA06005EB394 /* Cell */,
				A57CF1132192053400946C72 /* Storyboard */,
				3D9505452191E888004355F3 /* Model */,
				A59D7B722190EBDE007C84C2 /* Class */,
				A59D7B712190EBCA007C84C2 /* ViewController */,
				A59D7B702190EBB8007C84C2 /* Common */,
			);
			path = SMApplication;
			sourceTree = "<group>";
		};
		A59D7B4A2190E922007C84C2 /* SMApplicationTests */ = {
			isa = PBXGroup;
			children = (
				A59D7B4B2190E922007C84C2 /* SMApplicationTests.swift */,
				A59D7B4D2190E922007C84C2 /* Info.plist */,
			);
			path = SMApplicationTests;
			sourceTree = "<group>";
		};
		A59D7B552190E922007C84C2 /* SMApplicationUITests */ = {
			isa = PBXGroup;
			children = (
				A59D7B562190E922007C84C2 /* SMApplicationUITests.swift */,
				A59D7B582190E922007C84C2 /* Info.plist */,
			);
			path = SMApplicationUITests;
			sourceTree = "<group>";
		};
		A59D7B702190EBB8007C84C2 /* Common */ = {
			isa = PBXGroup;
			children = (
				3D9505412191D5B7004355F3 /* GoogleService-Info.plist */,
				A59D7B362190E921007C84C2 /* AppDelegate.swift */,
				A59D7B422190E922007C84C2 /* Info.plist */,
				A59D7B3F2190E922007C84C2 /* LaunchScreen.storyboard */,
			);
			path = Common;
			sourceTree = "<group>";
		};
		A59D7B712190EBCA007C84C2 /* ViewController */ = {
			isa = PBXGroup;
			children = (
				A59D7B382190E921007C84C2 /* LoginViewController.swift */,
				A59D7B6E2190EB7A007C84C2 /* SignUpViewController.swift */,
				3D9505432191DD6F004355F3 /* ProfileViewController.swift */,
				A57CF11621920C5200946C72 /* PageViewController.swift */,
				3D35A781219340E600839CC5 /* MessageViewController.swift */,
				A59889BC2193721F003B2CE9 /* SetupProfileViewController.swift */,
				3D8B65AC2195B2E5005EB394 /* SearchUserViewController.swift */,
			);
			path = ViewController;
			sourceTree = "<group>";
		};
		A59D7B722190EBDE007C84C2 /* Class */ = {
			isa = PBXGroup;
			children = (
				A59D7B6C2190E9A1007C84C2 /* Loading.swift */,
			);
			path = Class;
			sourceTree = "<group>";
		};
/* End PBXGroup section */

/* Begin PBXNativeTarget section */
		A59D7B322190E920007C84C2 /* SMApplication */ = {
			isa = PBXNativeTarget;
			buildConfigurationList = A59D7B5B2190E922007C84C2 /* Build configuration list for PBXNativeTarget "SMApplication" */;
			buildPhases = (
				F693C670580F19E742347A88 /* [CP] Check Pods Manifest.lock */,
				A59D7B2F2190E920007C84C2 /* Sources */,
				A59D7B302190E920007C84C2 /* Frameworks */,
				A59D7B312190E920007C84C2 /* Resources */,
				D0C8F406CB871DCE4F825767 /* [CP] Embed Pods Frameworks */,
			);
			buildRules = (
			);
			dependencies = (
			);
			name = SMApplication;
			productName = SMApplication;
			productReference = A59D7B332190E920007C84C2 /* SMApplication.app */;
			productType = "com.apple.product-type.application";
		};
		A59D7B462190E922007C84C2 /* SMApplicationTests */ = {
			isa = PBXNativeTarget;
			buildConfigurationList = A59D7B5E2190E922007C84C2 /* Build configuration list for PBXNativeTarget "SMApplicationTests" */;
			buildPhases = (
				A59D7B432190E922007C84C2 /* Sources */,
				A59D7B442190E922007C84C2 /* Frameworks */,
				A59D7B452190E922007C84C2 /* Resources */,
			);
			buildRules = (
			);
			dependencies = (
				A59D7B492190E922007C84C2 /* PBXTargetDependency */,
			);
			name = SMApplicationTests;
			productName = SMApplicationTests;
			productReference = A59D7B472190E922007C84C2 /* SMApplicationTests.xctest */;
			productType = "com.apple.product-type.bundle.unit-test";
		};
		A59D7B512190E922007C84C2 /* SMApplicationUITests */ = {
			isa = PBXNativeTarget;
			buildConfigurationList = A59D7B612190E922007C84C2 /* Build configuration list for PBXNativeTarget "SMApplicationUITests" */;
			buildPhases = (
				A59D7B4E2190E922007C84C2 /* Sources */,
				A59D7B4F2190E922007C84C2 /* Frameworks */,
				A59D7B502190E922007C84C2 /* Resources */,
			);
			buildRules = (
			);
			dependencies = (
				A59D7B542190E922007C84C2 /* PBXTargetDependency */,
			);
			name = SMApplicationUITests;
			productName = SMApplicationUITests;
			productReference = A59D7B522190E922007C84C2 /* SMApplicationUITests.xctest */;
			productType = "com.apple.product-type.bundle.ui-testing";
		};
/* End PBXNativeTarget section */

/* Begin PBXProject section */
		A59D7B2B2190E920007C84C2 /* Project object */ = {
			isa = PBXProject;
			attributes = {
				LastSwiftUpdateCheck = 0930;
				LastUpgradeCheck = 0930;
				ORGANIZATIONNAME = "Johnley Delgado";
				TargetAttributes = {
					A59D7B322190E920007C84C2 = {
						CreatedOnToolsVersion = 9.3;
					};
					A59D7B462190E922007C84C2 = {
						CreatedOnToolsVersion = 9.3;
						TestTargetID = A59D7B322190E920007C84C2;
					};
					A59D7B512190E922007C84C2 = {
						CreatedOnToolsVersion = 9.3;
						TestTargetID = A59D7B322190E920007C84C2;
					};
				};
			};
			buildConfigurationList = A59D7B2E2190E920007C84C2 /* Build configuration list for PBXProject "SMApplication" */;
			compatibilityVersion = "Xcode 9.3";
			developmentRegion = en;
			hasScannedForEncodings = 0;
			knownRegions = (
				en,
				Base,
			);
			mainGroup = A59D7B2A2190E920007C84C2;
			productRefGroup = A59D7B342190E920007C84C2 /* Products */;
			projectDirPath = "";
			projectRoot = "";
			targets = (
				A59D7B322190E920007C84C2 /* SMApplication */,
				A59D7B462190E922007C84C2 /* SMApplicationTests */,
				A59D7B512190E922007C84C2 /* SMApplicationUITests */,
			);
		};
/* End PBXProject section */

/* Begin PBXResourcesBuildPhase section */
		A59D7B312190E920007C84C2 /* Resources */ = {
			isa = PBXResourcesBuildPhase;
			buildActionMask = 2147483647;
			files = (
				3D9505422191D5B7004355F3 /* GoogleService-Info.plist in Resources */,
				A59D7B412190E922007C84C2 /* LaunchScreen.storyboard in Resources */,
				A59889B92193622A003B2CE9 /* UserMenu.storyboard in Resources */,
				A57CF1152192057D00946C72 /* Viewpager.storyboard in Resources */,
				3D8B65B92198E95D005EB394 /* Assets.xcassets in Resources */,
				A59D7B3C2190E921007C84C2 /* Main.storyboard in Resources */,
			);
			runOnlyForDeploymentPostprocessing = 0;
		};
		A59D7B452190E922007C84C2 /* Resources */ = {
			isa = PBXResourcesBuildPhase;
			buildActionMask = 2147483647;
			files = (
			);
			runOnlyForDeploymentPostprocessing = 0;
		};
		A59D7B502190E922007C84C2 /* Resources */ = {
			isa = PBXResourcesBuildPhase;
			buildActionMask = 2147483647;
			files = (
			);
			runOnlyForDeploymentPostprocessing = 0;
		};
/* End PBXResourcesBuildPhase section */

/* Begin PBXShellScriptBuildPhase section */
		D0C8F406CB871DCE4F825767 /* [CP] Embed Pods Frameworks */ = {
			isa = PBXShellScriptBuildPhase;
			buildActionMask = 2147483647;
			files = (
			);
			inputPaths = (
				"${SRCROOT}/Pods/Target Support Files/Pods-SMApplication/Pods-SMApplication-frameworks.sh",
				"${BUILT_PRODUCTS_DIR}/Apsara/Apsara.framework",
				"${BUILT_PRODUCTS_DIR}/GTMSessionFetcher/GTMSessionFetcher.framework",
				"${BUILT_PRODUCTS_DIR}/GoogleUtilities/GoogleUtilities.framework",
				"${BUILT_PRODUCTS_DIR}/JSQMessagesViewController/JSQMessagesViewController.framework",
				"${BUILT_PRODUCTS_DIR}/JSQSystemSoundPlayer/JSQSystemSoundPlayer.framework",
				"${BUILT_PRODUCTS_DIR}/MBProgressHUD/MBProgressHUD.framework",
				"${BUILT_PRODUCTS_DIR}/SDWebImage/SDWebImage.framework",
				"${BUILT_PRODUCTS_DIR}/TPKeyboardAvoiding/TPKeyboardAvoiding.framework",
				"${BUILT_PRODUCTS_DIR}/leveldb-library/leveldb.framework",
				"${BUILT_PRODUCTS_DIR}/nanopb/nanopb.framework",
			);
			name = "[CP] Embed Pods Frameworks";
			outputPaths = (
				"${TARGET_BUILD_DIR}/${FRAMEWORKS_FOLDER_PATH}/Apsara.framework",
				"${TARGET_BUILD_DIR}/${FRAMEWORKS_FOLDER_PATH}/GTMSessionFetcher.framework",
				"${TARGET_BUILD_DIR}/${FRAMEWORKS_FOLDER_PATH}/GoogleUtilities.framework",
				"${TARGET_BUILD_DIR}/${FRAMEWORKS_FOLDER_PATH}/JSQMessagesViewController.framework",
				"${TARGET_BUILD_DIR}/${FRAMEWORKS_FOLDER_PATH}/JSQSystemSoundPlayer.framework",
				"${TARGET_BUILD_DIR}/${FRAMEWORKS_FOLDER_PATH}/MBProgressHUD.framework",
				"${TARGET_BUILD_DIR}/${FRAMEWORKS_FOLDER_PATH}/SDWebImage.framework",
				"${TARGET_BUILD_DIR}/${FRAMEWORKS_FOLDER_PATH}/TPKeyboardAvoiding.framework",
				"${TARGET_BUILD_DIR}/${FRAMEWORKS_FOLDER_PATH}/leveldb.framework",
				"${TARGET_BUILD_DIR}/${FRAMEWORKS_FOLDER_PATH}/nanopb.framework",
			);
			runOnlyForDeploymentPostprocessing = 0;
			shellPath = /bin/sh;
			shellScript = "\"${SRCROOT}/Pods/Target Support Files/Pods-SMApplication/Pods-SMApplication-frameworks.sh\"\n";
			showEnvVarsInLog = 0;
		};
		F693C670580F19E742347A88 /* [CP] Check Pods Manifest.lock */ = {
			isa = PBXShellScriptBuildPhase;
			buildActionMask = 2147483647;
			files = (
			);
			inputPaths = (
				"${PODS_PODFILE_DIR_PATH}/Podfile.lock",
				"${PODS_ROOT}/Manifest.lock",
			);
			name = "[CP] Check Pods Manifest.lock";
			outputPaths = (
				"$(DERIVED_FILE_DIR)/Pods-SMApplication-checkManifestLockResult.txt",
			);
			runOnlyForDeploymentPostprocessing = 0;
			shellPath = /bin/sh;
			shellScript = "diff \"${PODS_PODFILE_DIR_PATH}/Podfile.lock\" \"${PODS_ROOT}/Manifest.lock\" > /dev/null\nif [ $? != 0 ] ; then\n    # print error to STDERR\n    echo \"error: The sandbox is not in sync with the Podfile.lock. Run 'pod install' or update your CocoaPods installation.\" >&2\n    exit 1\nfi\n# This output is used by Xcode 'outputs' to avoid re-running this script phase.\necho \"SUCCESS\" > \"${SCRIPT_OUTPUT_FILE_0}\"\n";
			showEnvVarsInLog = 0;
		};
/* End PBXShellScriptBuildPhase section */

/* Begin PBXSourcesBuildPhase section */
		A59D7B2F2190E920007C84C2 /* Sources */ = {
			isa = PBXSourcesBuildPhase;
			buildActionMask = 2147483647;
			files = (
				3D9505472191E89F004355F3 /* UserConstant.swift in Sources */,
				3D8B65AD2195B2E5005EB394 /* SearchUserViewController.swift in Sources */,
				3D8B65B52195D1B8005EB394 /* UserSearch.swift in Sources */,
				A57CF11721920C5200946C72 /* PageViewController.swift in Sources */,
				3D35A782219340E600839CC5 /* MessageViewController.swift in Sources */,
				3D8B65B02195BA15005EB394 /* SearchUserCell.swift in Sources */,
				A59D7B392190E921007C84C2 /* LoginViewController.swift in Sources */,
				3D35A78A21934F2400839CC5 /* ChatConstant.swift in Sources */,
				A59D7B6D2190E9A1007C84C2 /* Loading.swift in Sources */,
				A59889BD2193721F003B2CE9 /* SetupProfileViewController.swift in Sources */,
				3D9505442191DD6F004355F3 /* ProfileViewController.swift in Sources */,
				A59D7B6F2190EB7A007C84C2 /* SignUpViewController.swift in Sources */,
				A59D7B372190E921007C84C2 /* AppDelegate.swift in Sources */,
			);
			runOnlyForDeploymentPostprocessing = 0;
		};
		A59D7B432190E922007C84C2 /* Sources */ = {
			isa = PBXSourcesBuildPhase;
			buildActionMask = 2147483647;
			files = (
				A59D7B4C2190E922007C84C2 /* SMApplicationTests.swift in Sources */,
			);
			runOnlyForDeploymentPostprocessing = 0;
		};
		A59D7B4E2190E922007C84C2 /* Sources */ = {
			isa = PBXSourcesBuildPhase;
			buildActionMask = 2147483647;
			files = (
				A59D7B572190E922007C84C2 /* SMApplicationUITests.swift in Sources */,
			);
			runOnlyForDeploymentPostprocessing = 0;
		};
/* End PBXSourcesBuildPhase section */

/* Begin PBXTargetDependency section */
		A59D7B492190E922007C84C2 /* PBXTargetDependency */ = {
			isa = PBXTargetDependency;
			target = A59D7B322190E920007C84C2 /* SMApplication */;
			targetProxy = A59D7B482190E922007C84C2 /* PBXContainerItemProxy */;
		};
		A59D7B542190E922007C84C2 /* PBXTargetDependency */ = {
			isa = PBXTargetDependency;
			target = A59D7B322190E920007C84C2 /* SMApplication */;
			targetProxy = A59D7B532190E922007C84C2 /* PBXContainerItemProxy */;
		};
/* End PBXTargetDependency section */

/* Begin PBXVariantGroup section */
		A59D7B3A2190E921007C84C2 /* Main.storyboard */ = {
			isa = PBXVariantGroup;
			children = (
				A59D7B3B2190E921007C84C2 /* Base */,
			);
			name = Main.storyboard;
			sourceTree = "<group>";
		};
		A59D7B3F2190E922007C84C2 /* LaunchScreen.storyboard */ = {
			isa = PBXVariantGroup;
			children = (
				A59D7B402190E922007C84C2 /* Base */,
			);
			name = LaunchScreen.storyboard;
			sourceTree = "<group>";
		};
/* End PBXVariantGroup section */

/* Begin XCBuildConfiguration section */
		A59D7B592190E922007C84C2 /* Debug */ = {
			isa = XCBuildConfiguration;
			buildSettings = {
				ALWAYS_SEARCH_USER_PATHS = NO;
				CLANG_ANALYZER_NONNULL = YES;
				CLANG_ANALYZER_NUMBER_OBJECT_CONVERSION = YES_AGGRESSIVE;
				CLANG_CXX_LANGUAGE_STANDARD = "gnu++14";
				CLANG_CXX_LIBRARY = "libc++";
				CLANG_ENABLE_MODULES = YES;
				CLANG_ENABLE_OBJC_ARC = YES;
				CLANG_ENABLE_OBJC_WEAK = YES;
				CLANG_WARN_BLOCK_CAPTURE_AUTORELEASING = YES;
				CLANG_WARN_BOOL_CONVERSION = YES;
				CLANG_WARN_COMMA = YES;
				CLANG_WARN_CONSTANT_CONVERSION = YES;
				CLANG_WARN_DEPRECATED_OBJC_IMPLEMENTATIONS = YES;
				CLANG_WARN_DIRECT_OBJC_ISA_USAGE = YES_ERROR;
				CLANG_WARN_DOCUMENTATION_COMMENTS = YES;
				CLANG_WARN_EMPTY_BODY = YES;
				CLANG_WARN_ENUM_CONVERSION = YES;
				CLANG_WARN_INFINITE_RECURSION = YES;
				CLANG_WARN_INT_CONVERSION = YES;
				CLANG_WARN_NON_LITERAL_NULL_CONVERSION = YES;
				CLANG_WARN_OBJC_IMPLICIT_RETAIN_SELF = YES;
				CLANG_WARN_OBJC_LITERAL_CONVERSION = YES;
				CLANG_WARN_OBJC_ROOT_CLASS = YES_ERROR;
				CLANG_WARN_RANGE_LOOP_ANALYSIS = YES;
				CLANG_WARN_STRICT_PROTOTYPES = YES;
				CLANG_WARN_SUSPICIOUS_MOVE = YES;
				CLANG_WARN_UNGUARDED_AVAILABILITY = YES_AGGRESSIVE;
				CLANG_WARN_UNREACHABLE_CODE = YES;
				CLANG_WARN__DUPLICATE_METHOD_MATCH = YES;
				CODE_SIGN_IDENTITY = "iPhone Developer";
				COPY_PHASE_STRIP = NO;
				DEBUG_INFORMATION_FORMAT = dwarf;
				ENABLE_STRICT_OBJC_MSGSEND = YES;
				ENABLE_TESTABILITY = YES;
				GCC_C_LANGUAGE_STANDARD = gnu11;
				GCC_DYNAMIC_NO_PIC = NO;
				GCC_NO_COMMON_BLOCKS = YES;
				GCC_OPTIMIZATION_LEVEL = 0;
				GCC_PREPROCESSOR_DEFINITIONS = (
					"DEBUG=1",
					"$(inherited)",
				);
				GCC_WARN_64_TO_32_BIT_CONVERSION = YES;
				GCC_WARN_ABOUT_RETURN_TYPE = YES_ERROR;
				GCC_WARN_UNDECLARED_SELECTOR = YES;
				GCC_WARN_UNINITIALIZED_AUTOS = YES_AGGRESSIVE;
				GCC_WARN_UNUSED_FUNCTION = YES;
				GCC_WARN_UNUSED_VARIABLE = YES;
				IPHONEOS_DEPLOYMENT_TARGET = 11.3;
				MTL_ENABLE_DEBUG_INFO = YES;
				ONLY_ACTIVE_ARCH = YES;
				SDKROOT = iphoneos;
				SWIFT_ACTIVE_COMPILATION_CONDITIONS = DEBUG;
				SWIFT_OPTIMIZATION_LEVEL = "-Onone";
			};
			name = Debug;
		};
		A59D7B5A2190E922007C84C2 /* Release */ = {
			isa = XCBuildConfiguration;
			buildSettings = {
				ALWAYS_SEARCH_USER_PATHS = NO;
				CLANG_ANALYZER_NONNULL = YES;
				CLANG_ANALYZER_NUMBER_OBJECT_CONVERSION = YES_AGGRESSIVE;
				CLANG_CXX_LANGUAGE_STANDARD = "gnu++14";
				CLANG_CXX_LIBRARY = "libc++";
				CLANG_ENABLE_MODULES = YES;
				CLANG_ENABLE_OBJC_ARC = YES;
				CLANG_ENABLE_OBJC_WEAK = YES;
				CLANG_WARN_BLOCK_CAPTURE_AUTORELEASING = YES;
				CLANG_WARN_BOOL_CONVERSION = YES;
				CLANG_WARN_COMMA = YES;
				CLANG_WARN_CONSTANT_CONVERSION = YES;
				CLANG_WARN_DEPRECATED_OBJC_IMPLEMENTATIONS = YES;
				CLANG_WARN_DIRECT_OBJC_ISA_USAGE = YES_ERROR;
				CLANG_WARN_DOCUMENTATION_COMMENTS = YES;
				CLANG_WARN_EMPTY_BODY = YES;
				CLANG_WARN_ENUM_CONVERSION = YES;
				CLANG_WARN_INFINITE_RECURSION = YES;
				CLANG_WARN_INT_CONVERSION = YES;
				CLANG_WARN_NON_LITERAL_NULL_CONVERSION = YES;
				CLANG_WARN_OBJC_IMPLICIT_RETAIN_SELF = YES;
				CLANG_WARN_OBJC_LITERAL_CONVERSION = YES;
				CLANG_WARN_OBJC_ROOT_CLASS = YES_ERROR;
				CLANG_WARN_RANGE_LOOP_ANALYSIS = YES;
				CLANG_WARN_STRICT_PROTOTYPES = YES;
				CLANG_WARN_SUSPICIOUS_MOVE = YES;
				CLANG_WARN_UNGUARDED_AVAILABILITY = YES_AGGRESSIVE;
				CLANG_WARN_UNREACHABLE_CODE = YES;
				CLANG_WARN__DUPLICATE_METHOD_MATCH = YES;
				CODE_SIGN_IDENTITY = "iPhone Developer";
				COPY_PHASE_STRIP = NO;
				DEBUG_INFORMATION_FORMAT = "dwarf-with-dsym";
				ENABLE_NS_ASSERTIONS = NO;
				ENABLE_STRICT_OBJC_MSGSEND = YES;
				GCC_C_LANGUAGE_STANDARD = gnu11;
				GCC_NO_COMMON_BLOCKS = YES;
				GCC_WARN_64_TO_32_BIT_CONVERSION = YES;
				GCC_WARN_ABOUT_RETURN_TYPE = YES_ERROR;
				GCC_WARN_UNDECLARED_SELECTOR = YES;
				GCC_WARN_UNINITIALIZED_AUTOS = YES_AGGRESSIVE;
				GCC_WARN_UNUSED_FUNCTION = YES;
				GCC_WARN_UNUSED_VARIABLE = YES;
				IPHONEOS_DEPLOYMENT_TARGET = 11.3;
				MTL_ENABLE_DEBUG_INFO = NO;
				SDKROOT = iphoneos;
				SWIFT_COMPILATION_MODE = wholemodule;
				SWIFT_OPTIMIZATION_LEVEL = "-O";
				VALIDATE_PRODUCT = YES;
			};
			name = Release;
		};
		A59D7B5C2190E922007C84C2 /* Debug */ = {
			isa = XCBuildConfiguration;
			baseConfigurationReference = 6228405CECE6A1D4423A166E /* Pods-SMApplication.debug.xcconfig */;
			buildSettings = {
				ASSETCATALOG_COMPILER_APPICON_NAME = AppIcon;
				CODE_SIGN_STYLE = Automatic;
				DEVELOPMENT_TEAM = LLVXH2X953;
				INFOPLIST_FILE = "$(SRCROOT)/SMApplication/Common/Info.plist";
				LD_RUNPATH_SEARCH_PATHS = (
					"$(inherited)",
					"@executable_path/Frameworks",
				);
				PRODUCT_BUNDLE_IDENTIFIER = com.FFP.SMApplication;
				PRODUCT_NAME = "$(TARGET_NAME)";
				SWIFT_VERSION = 4.0;
				TARGETED_DEVICE_FAMILY = "1,2";
			};
			name = Debug;
		};
		A59D7B5D2190E922007C84C2 /* Release */ = {
			isa = XCBuildConfiguration;
			baseConfigurationReference = DAFE35BA423FD9E5B41616AA /* Pods-SMApplication.release.xcconfig */;
			buildSettings = {
				ASSETCATALOG_COMPILER_APPICON_NAME = AppIcon;
				CODE_SIGN_STYLE = Automatic;
				DEVELOPMENT_TEAM = LLVXH2X953;
				INFOPLIST_FILE = "$(SRCROOT)/SMApplication/Common/Info.plist";
				LD_RUNPATH_SEARCH_PATHS = (
					"$(inherited)",
					"@executable_path/Frameworks",
				);
				PRODUCT_BUNDLE_IDENTIFIER = com.FFP.SMApplication;
				PRODUCT_NAME = "$(TARGET_NAME)";
				SWIFT_VERSION = 4.0;
				TARGETED_DEVICE_FAMILY = "1,2";
			};
			name = Release;
		};
		A59D7B5F2190E922007C84C2 /* Debug */ = {
			isa = XCBuildConfiguration;
			buildSettings = {
				ALWAYS_EMBED_SWIFT_STANDARD_LIBRARIES = YES;
				BUNDLE_LOADER = "$(TEST_HOST)";
				CODE_SIGN_STYLE = Automatic;
				DEVELOPMENT_TEAM = LLVXH2X953;
				INFOPLIST_FILE = SMApplicationTests/Info.plist;
				LD_RUNPATH_SEARCH_PATHS = (
					"$(inherited)",
					"@executable_path/Frameworks",
					"@loader_path/Frameworks",
				);
				PRODUCT_BUNDLE_IDENTIFIER = com.FFP.SMApplicationTests;
				PRODUCT_NAME = "$(TARGET_NAME)";
				SWIFT_VERSION = 4.0;
				TARGETED_DEVICE_FAMILY = "1,2";
				TEST_HOST = "$(BUILT_PRODUCTS_DIR)/SMApplication.app/SMApplication";
			};
			name = Debug;
		};
		A59D7B602190E922007C84C2 /* Release */ = {
			isa = XCBuildConfiguration;
			buildSettings = {
				ALWAYS_EMBED_SWIFT_STANDARD_LIBRARIES = YES;
				BUNDLE_LOADER = "$(TEST_HOST)";
				CODE_SIGN_STYLE = Automatic;
				DEVELOPMENT_TEAM = LLVXH2X953;
				INFOPLIST_FILE = SMApplicationTests/Info.plist;
				LD_RUNPATH_SEARCH_PATHS = (
					"$(inherited)",
					"@executable_path/Frameworks",
					"@loader_path/Frameworks",
				);
				PRODUCT_BUNDLE_IDENTIFIER = com.FFP.SMApplicationTests;
				PRODUCT_NAME = "$(TARGET_NAME)";
				SWIFT_VERSION = 4.0;
				TARGETED_DEVICE_FAMILY = "1,2";
				TEST_HOST = "$(BUILT_PRODUCTS_DIR)/SMApplication.app/SMApplication";
			};
			name = Release;
		};
		A59D7B622190E922007C84C2 /* Debug */ = {
			isa = XCBuildConfiguration;
			buildSettings = {
				ALWAYS_EMBED_SWIFT_STANDARD_LIBRARIES = YES;
				CODE_SIGN_STYLE = Automatic;
				DEVELOPMENT_TEAM = LLVXH2X953;
				INFOPLIST_FILE = SMApplicationUITests/Info.plist;
				LD_RUNPATH_SEARCH_PATHS = (
					"$(inherited)",
					"@executable_path/Frameworks",
					"@loader_path/Frameworks",
				);
				PRODUCT_BUNDLE_IDENTIFIER = com.FFP.SMApplicationUITests;
				PRODUCT_NAME = "$(TARGET_NAME)";
				SWIFT_VERSION = 4.0;
				TARGETED_DEVICE_FAMILY = "1,2";
				TEST_TARGET_NAME = SMApplication;
			};
			name = Debug;
		};
		A59D7B632190E922007C84C2 /* Release */ = {
			isa = XCBuildConfiguration;
			buildSettings = {
				ALWAYS_EMBED_SWIFT_STANDARD_LIBRARIES = YES;
				CODE_SIGN_STYLE = Automatic;
				DEVELOPMENT_TEAM = LLVXH2X953;
				INFOPLIST_FILE = SMApplicationUITests/Info.plist;
				LD_RUNPATH_SEARCH_PATHS = (
					"$(inherited)",
					"@executable_path/Frameworks",
					"@loader_path/Frameworks",
				);
				PRODUCT_BUNDLE_IDENTIFIER = com.FFP.SMApplicationUITests;
				PRODUCT_NAME = "$(TARGET_NAME)";
				SWIFT_VERSION = 4.0;
				TARGETED_DEVICE_FAMILY = "1,2";
				TEST_TARGET_NAME = SMApplication;
			};
			name = Release;
		};
/* End XCBuildConfiguration section */

/* Begin XCConfigurationList section */
		A59D7B2E2190E920007C84C2 /* Build configuration list for PBXProject "SMApplication" */ = {
			isa = XCConfigurationList;
			buildConfigurations = (
				A59D7B592190E922007C84C2 /* Debug */,
				A59D7B5A2190E922007C84C2 /* Release */,
			);
			defaultConfigurationIsVisible = 0;
			defaultConfigurationName = Release;
		};
		A59D7B5B2190E922007C84C2 /* Build configuration list for PBXNativeTarget "SMApplication" */ = {
			isa = XCConfigurationList;
			buildConfigurations = (
				A59D7B5C2190E922007C84C2 /* Debug */,
				A59D7B5D2190E922007C84C2 /* Release */,
			);
			defaultConfigurationIsVisible = 0;
			defaultConfigurationName = Release;
		};
		A59D7B5E2190E922007C84C2 /* Build configuration list for PBXNativeTarget "SMApplicationTests" */ = {
			isa = XCConfigurationList;
			buildConfigurations = (
				A59D7B5F2190E922007C84C2 /* Debug */,
				A59D7B602190E922007C84C2 /* Release */,
			);
			defaultConfigurationIsVisible = 0;
			defaultConfigurationName = Release;
		};
		A59D7B612190E922007C84C2 /* Build configuration list for PBXNativeTarget "SMApplicationUITests" */ = {
			isa = XCConfigurationList;
			buildConfigurations = (
				A59D7B622190E922007C84C2 /* Debug */,
				A59D7B632190E922007C84C2 /* Release */,
			);
			defaultConfigurationIsVisible = 0;
			defaultConfigurationName = Release;
		};
/* End XCConfigurationList section */
	};
	rootObject = A59D7B2B2190E920007C84C2 /* Project object */;
}
